
Microsoft Visual Studio Solution File, Format Version 12.00
# Visual Studio Version 16
VisualStudioVersion = 16.0.30717.126
MinimumVisualStudioVersion = 10.0.40219.1
Project("{8BC9CEB8-8B4A-11D0-8D11-00A0C91BC942}") = "Client", "Client\Client.vcxproj", "{5C6E5C01-3B35-41D1-8F05-B26281CE009C}"
EndProject
Project("{8BC9CEB8-8B4A-11D0-8D11-00A0C91BC942}") = "Engine", "Engine\Engine.vcxproj", "{63798702-C267-4B6F-8F42-C0AEF9C8D768}"
EndProject
Global
	GlobalSection(SolutionConfigurationPlatforms) = preSolution
		Debug|x64 = Debug|x64
		Debug|x86 = Debug|x86
		Release|x64 = Release|x64
		Release|x86 = Release|x86
	EndGlobalSection
	GlobalSection(ProjectConfigurationPlatforms) = postSolution
		{5C6E5C01-3B35-41D1-8F05-B26281CE009C}.Debug|x64.ActiveCfg = Debug|x64
		{5C6E5C01-3B35-41D1-8F05-B26281CE009C}.Debug|x64.Build.0 = Debug|x64
		{5C6E5C01-3B35-41D1-8F05-B26281CE009C}.Debug|x86.ActiveCfg = Debug|Win32
		{5C6E5C01-3B35-41D1-8F05-B26281CE009C}.Debug|x86.Build.0 = Debug|Win32
		{5C6E5C01-3B35-41D1-8F05-B26281CE009C}.Release|x64.ActiveCfg = Release|x64
		{5C6E5C01-3B35-41D1-8F05-B26281CE009C}.Release|x64.Build.0 = Release|x64
		{5C6E5C01-3B35-41D1-8F05-B26281CE009C}.Release|x86.ActiveCfg = Release|Win32
		{5C6E5C01-3B35-41D1-8F05-B26281CE009C}.Release|x86.Build.0 = Release|Win32
		{63798702-C267-4B6F-8F42-C0AEF9C8D768}.Debug|x64.ActiveCfg = Debug|x64
		{63798702-C267-4B6F-8F42-C0AEF9C8D768}.Debug|x64.Build.0 = Debug|x64
		{63798702-C267-4B6F-8F42-C0AEF9C8D768}.Debug|x86.ActiveCfg = Debug|Win32
		{63798702-C267-4B6F-8F42-C0AEF9C8D768}.Debug|x86.Build.0 = Debug|Win32
		{63798702-C267-4B6F-8F42-C0AEF9C8D768}.Release|x64.ActiveCfg = Release|x64
		{63798702-C267-4B6F-8F42-C0AEF9C8D768}.Release|x64.Build.0 = Release|x64
		{63798702-C267-4B6F-8F42-C0AEF9C8D768}.Release|x86.ActiveCfg = Release|Win32
		{63798702-C267-4B6F-8F42-C0AEF9C8D768}.Release|x86.Build.0 = Release|Win32
	EndGlobalSection
	GlobalSection(SolutionProperties) = preSolution
		HideSolutionNode = FALSE
	EndGlobalSection
	GlobalSection(ExtensibilityGlobals) = postSolution
		SolutionGuid = {79118236-6A4A-46C1-8D58-4B22C83BBE14}
	EndGlobalSection
EndGlobal
